
Microsoft Visual Studio Solution File, Format Version 12.00
# Visual Studio Version 16
VisualStudioVersion = 16.0.31911.196
MinimumVisualStudioVersion = 10.0.40219.1
Project("{888888A0-9F3D-457C-B088-3A5042F75D52}") = "Facade", "Facade\Facade.pyproj", "{960B0EE7-9594-4682-8D3B-BC6AEDFAD7BA}"
EndProject
Global
	GlobalSection(SolutionConfigurationPlatforms) = preSolution
		Debug|Any CPU = Debug|Any CPU
		Release|Any CPU = Release|Any CPU
	EndGlobalSection
	GlobalSection(ProjectConfigurationPlatforms) = postSolution
		{960B0EE7-9594-4682-8D3B-BC6AEDFAD7BA}.Debug|Any CPU.ActiveCfg = Debug|Any CPU
		{960B0EE7-9594-4682-8D3B-BC6AEDFAD7BA}.Release|Any CPU.ActiveCfg = Release|Any CPU
	EndGlobalSection
	GlobalSection(SolutionProperties) = preSolution
		HideSolutionNode = FALSE
	EndGlobalSection
	GlobalSection(ExtensibilityGlobals) = postSolution
		SolutionGuid = {1F12E341-E382-490E-913E-F886FF118051}
	EndGlobalSection
EndGlobal
